
Microsoft Visual Studio Solution File, Format Version 12.00
# Visual Studio Version 17
VisualStudioVersion = 17.6.33829.357
MinimumVisualStudioVersion = 10.0.40219.1
Project("{FAE04EC0-301F-11D3-BF4B-00C04F79EFBC}") = "XIIRPL2_28_Ticketing", "XIIRPL2_28_Ticketing\XIIRPL2_28_Ticketing.csproj", "{E60A5ABD-A9BE-4C1F-819D-D5CCD157CCB5}"
EndProject
Global
	GlobalSection(SolutionConfigurationPlatforms) = preSolution
		Debug|Any CPU = Debug|Any CPU
		Release|Any CPU = Release|Any CPU
	EndGlobalSection
	GlobalSection(ProjectConfigurationPlatforms) = postSolution
		{E60A5ABD-A9BE-4C1F-819D-D5CCD157CCB5}.Debug|Any CPU.ActiveCfg = Debug|Any CPU
		{E60A5ABD-A9BE-4C1F-819D-D5CCD157CCB5}.Debug|Any CPU.Build.0 = Debug|Any CPU
		{E60A5ABD-A9BE-4C1F-819D-D5CCD157CCB5}.Release|Any CPU.ActiveCfg = Release|Any CPU
		{E60A5ABD-A9BE-4C1F-819D-D5CCD157CCB5}.Release|Any CPU.Build.0 = Release|Any CPU
	EndGlobalSection
	GlobalSection(SolutionProperties) = preSolution
		HideSolutionNode = FALSE
	EndGlobalSection
	GlobalSection(ExtensibilityGlobals) = postSolution
		SolutionGuid = {8FB01851-1B87-4868-A43B-07B18BB8E8DB}
	EndGlobalSection
EndGlobal
